
Microsoft Visual Studio Solution File, Format Version 12.00
# Visual Studio 15
VisualStudioVersion = 15.0.28010.2050
MinimumVisualStudioVersion = 10.0.40219.1
Project("{FAE04EC0-301F-11D3-BF4B-00C04F79EFBC}") = "PrimeNumberConsole", "PrimeNumberConsole\PrimeNumberConsole.csproj", "{7F0446D8-93D9-40F1-873C-8B36DCA1D539}"
EndProject
Global
	GlobalSection(SolutionConfigurationPlatforms) = preSolution
		Debug|Any CPU = Debug|Any CPU
		Release|Any CPU = Release|Any CPU
	EndGlobalSection
	GlobalSection(ProjectConfigurationPlatforms) = postSolution
		{7F0446D8-93D9-40F1-873C-8B36DCA1D539}.Debug|Any CPU.ActiveCfg = Debug|Any CPU
		{7F0446D8-93D9-40F1-873C-8B36DCA1D539}.Debug|Any CPU.Build.0 = Debug|Any CPU
		{7F0446D8-93D9-40F1-873C-8B36DCA1D539}.Release|Any CPU.ActiveCfg = Release|Any CPU
		{7F0446D8-93D9-40F1-873C-8B36DCA1D539}.Release|Any CPU.Build.0 = Release|Any CPU
	EndGlobalSection
	GlobalSection(SolutionProperties) = preSolution
		HideSolutionNode = FALSE
	EndGlobalSection
	GlobalSection(ExtensibilityGlobals) = postSolution
		SolutionGuid = {19B37807-AB12-477E-B1B7-FD1464677A4E}
	EndGlobalSection
EndGlobal
